// !$*UTF8*$!
{
	archiveVersion = 1;
	classes = {
	};
	objectVersion = 51;
	objects = {

/* Begin PBXBuildFile section */
		09375C5A2456B59400147D96 /* ContactsTableViewController.swift in Sources */ = {isa = PBXBuildFile; fileRef = 09375C592456B59400147D96 /* ContactsTableViewController.swift */; };
		096DFD492456208B00850D3E /* GoogleService-Info.plist in Resources */ = {isa = PBXBuildFile; fileRef = 096DFD482456208B00850D3E /* GoogleService-Info.plist */; };
		6D6D20762453CDB300935A08 /* MessageMainViewCell.swift in Sources */ = {isa = PBXBuildFile; fileRef = 6D6D20742453CDB300935A08 /* MessageMainViewCell.swift */; };
		6D6D20772453CDB300935A08 /* MessageMainViewCell.xib in Resources */ = {isa = PBXBuildFile; fileRef = 6D6D20752453CDB300935A08 /* MessageMainViewCell.xib */; };
		6D6D207C2453D06600935A08 /* WelcomeViewController.swift in Sources */ = {isa = PBXBuildFile; fileRef = 6D6D207A2453D06600935A08 /* WelcomeViewController.swift */; };
		6D932E822455787600BC2096 /* ProflleViewController.swift in Sources */ = {isa = PBXBuildFile; fileRef = 6D932E812455787600BC2096 /* ProflleViewController.swift */; };
		6D932E842455831400BC2096 /* SettingsTableViewController.swift in Sources */ = {isa = PBXBuildFile; fileRef = 6D932E832455831400BC2096 /* SettingsTableViewController.swift */; };
		B52FB44924536F5700F83B0D /* AppDelegate.swift in Sources */ = {isa = PBXBuildFile; fileRef = B52FB44824536F5700F83B0D /* AppDelegate.swift */; };
		B52FB44B24536F5700F83B0D /* SceneDelegate.swift in Sources */ = {isa = PBXBuildFile; fileRef = B52FB44A24536F5700F83B0D /* SceneDelegate.swift */; };
		B52FB44D24536F5700F83B0D /* ViewController.swift in Sources */ = {isa = PBXBuildFile; fileRef = B52FB44C24536F5700F83B0D /* ViewController.swift */; };
		B52FB45024536F5700F83B0D /* Main.storyboard in Resources */ = {isa = PBXBuildFile; fileRef = B52FB44E24536F5700F83B0D /* Main.storyboard */; };
		B52FB45324536F5700F83B0D /* SimplyChat.xcdatamodeld in Sources */ = {isa = PBXBuildFile; fileRef = B52FB45124536F5700F83B0D /* SimplyChat.xcdatamodeld */; };
		B52FB45524536F5900F83B0D /* Assets.xcassets in Resources */ = {isa = PBXBuildFile; fileRef = B52FB45424536F5900F83B0D /* Assets.xcassets */; };
		B52FB45824536F5900F83B0D /* LaunchScreen.storyboard in Resources */ = {isa = PBXBuildFile; fileRef = B52FB45624536F5900F83B0D /* LaunchScreen.storyboard */; };
		C33A5D1067D7419A50466FA1 /* Pods_SimplyChat.framework in Frameworks */ = {isa = PBXBuildFile; fileRef = 28E1B863E9D78737673AA221 /* Pods_SimplyChat.framework */; };
/* End PBXBuildFile section */

/* Begin PBXFileReference section */
		05832EB69ED436B1B17EEED3 /* Pods-SimplyChat.debug.xcconfig */ = {isa = PBXFileReference; includeInIndex = 1; lastKnownFileType = text.xcconfig; name = "Pods-SimplyChat.debug.xcconfig"; path = "Pods/Target Support Files/Pods-SimplyChat/Pods-SimplyChat.debug.xcconfig"; sourceTree = "<group>"; };
		09375C592456B59400147D96 /* ContactsTableViewController.swift */ = {isa = PBXFileReference; lastKnownFileType = sourcecode.swift; path = ContactsTableViewController.swift; sourceTree = "<group>"; };
		096DFD482456208B00850D3E /* GoogleService-Info.plist */ = {isa = PBXFileReference; fileEncoding = 4; lastKnownFileType = text.plist.xml; path = "GoogleService-Info.plist"; sourceTree = "<group>"; };
		19C944E2B01B4C1EEADFE6E8 /* Pods-SimplyChat.release.xcconfig */ = {isa = PBXFileReference; includeInIndex = 1; lastKnownFileType = text.xcconfig; name = "Pods-SimplyChat.release.xcconfig"; path = "Pods/Target Support Files/Pods-SimplyChat/Pods-SimplyChat.release.xcconfig"; sourceTree = "<group>"; };
		28E1B863E9D78737673AA221 /* Pods_SimplyChat.framework */ = {isa = PBXFileReference; explicitFileType = wrapper.framework; includeInIndex = 0; path = Pods_SimplyChat.framework; sourceTree = BUILT_PRODUCTS_DIR; };
		6D6D20742453CDB300935A08 /* MessageMainViewCell.swift */ = {isa = PBXFileReference; lastKnownFileType = sourcecode.swift; path = MessageMainViewCell.swift; sourceTree = "<group>"; };
		6D6D20752453CDB300935A08 /* MessageMainViewCell.xib */ = {isa = PBXFileReference; lastKnownFileType = file.xib; path = MessageMainViewCell.xib; sourceTree = "<group>"; };
		6D6D207A2453D06600935A08 /* WelcomeViewController.swift */ = {isa = PBXFileReference; lastKnownFileType = sourcecode.swift; path = WelcomeViewController.swift; sourceTree = "<group>"; };
		6D932E812455787600BC2096 /* ProflleViewController.swift */ = {isa = PBXFileReference; lastKnownFileType = sourcecode.swift; path = ProflleViewController.swift; sourceTree = "<group>"; };
		6D932E832455831400BC2096 /* SettingsTableViewController.swift */ = {isa = PBXFileReference; lastKnownFileType = sourcecode.swift; path = SettingsTableViewController.swift; sourceTree = "<group>"; };
		B52FB44524536F5700F83B0D /* SimplyChat.app */ = {isa = PBXFileReference; explicitFileType = wrapper.application; includeInIndex = 0; path = SimplyChat.app; sourceTree = BUILT_PRODUCTS_DIR; };
		B52FB44824536F5700F83B0D /* AppDelegate.swift */ = {isa = PBXFileReference; lastKnownFileType = sourcecode.swift; path = AppDelegate.swift; sourceTree = "<group>"; };
		B52FB44A24536F5700F83B0D /* SceneDelegate.swift */ = {isa = PBXFileReference; lastKnownFileType = sourcecode.swift; path = SceneDelegate.swift; sourceTree = "<group>"; };
		B52FB44C24536F5700F83B0D /* ViewController.swift */ = {isa = PBXFileReference; lastKnownFileType = sourcecode.swift; path = ViewController.swift; sourceTree = "<group>"; };
		B52FB44F24536F5700F83B0D /* Base */ = {isa = PBXFileReference; lastKnownFileType = file.storyboard; name = Base; path = Base.lproj/Main.storyboard; sourceTree = "<group>"; };
		B52FB45224536F5700F83B0D /* SimplyChat.xcdatamodel */ = {isa = PBXFileReference; lastKnownFileType = wrapper.xcdatamodel; path = SimplyChat.xcdatamodel; sourceTree = "<group>"; };
		B52FB45424536F5900F83B0D /* Assets.xcassets */ = {isa = PBXFileReference; lastKnownFileType = folder.assetcatalog; path = Assets.xcassets; sourceTree = "<group>"; };
		B52FB45724536F5900F83B0D /* Base */ = {isa = PBXFileReference; lastKnownFileType = file.storyboard; name = Base; path = Base.lproj/LaunchScreen.storyboard; sourceTree = "<group>"; };
		B52FB45924536F5900F83B0D /* Info.plist */ = {isa = PBXFileReference; lastKnownFileType = text.plist.xml; path = Info.plist; sourceTree = "<group>"; };
/* End PBXFileReference section */

/* Begin PBXFrameworksBuildPhase section */
		B52FB44224536F5700F83B0D /* Frameworks */ = {
			isa = PBXFrameworksBuildPhase;
			buildActionMask = 2147483647;
			files = (
				C33A5D1067D7419A50466FA1 /* Pods_SimplyChat.framework in Frameworks */,
			);
			runOnlyForDeploymentPostprocessing = 0;
		};
/* End PBXFrameworksBuildPhase section */

/* Begin PBXGroup section */
		8E062BE1494743D777939A23 /* Pods */ = {
			isa = PBXGroup;
			children = (
				05832EB69ED436B1B17EEED3 /* Pods-SimplyChat.debug.xcconfig */,
				19C944E2B01B4C1EEADFE6E8 /* Pods-SimplyChat.release.xcconfig */,
			);
			name = Pods;
			sourceTree = "<group>";
		};
		954E5E7BA29B941AFA1F10E6 /* Frameworks */ = {
			isa = PBXGroup;
			children = (
				28E1B863E9D78737673AA221 /* Pods_SimplyChat.framework */,
			);
			name = Frameworks;
			sourceTree = "<group>";
		};
		B52FB43C24536F5700F83B0D = {
			isa = PBXGroup;
			children = (
				B52FB44724536F5700F83B0D /* SimplyChat */,
				B52FB44624536F5700F83B0D /* Products */,
				8E062BE1494743D777939A23 /* Pods */,
				954E5E7BA29B941AFA1F10E6 /* Frameworks */,
			);
			sourceTree = "<group>";
		};
		B52FB44624536F5700F83B0D /* Products */ = {
			isa = PBXGroup;
			children = (
				B52FB44524536F5700F83B0D /* SimplyChat.app */,
			);
			name = Products;
			sourceTree = "<group>";
		};
		B52FB44724536F5700F83B0D /* SimplyChat */ = {
			isa = PBXGroup;
			children = (
				B52FB44824536F5700F83B0D /* AppDelegate.swift */,
				B52FB44A24536F5700F83B0D /* SceneDelegate.swift */,
				B52FB44C24536F5700F83B0D /* ViewController.swift */,
				B52FB44E24536F5700F83B0D /* Main.storyboard */,
				09375C592456B59400147D96 /* ContactsTableViewController.swift */,
				6D6D207A2453D06600935A08 /* WelcomeViewController.swift */,
				B52FB45424536F5900F83B0D /* Assets.xcassets */,
				B52FB45624536F5900F83B0D /* LaunchScreen.storyboard */,
				B52FB45924536F5900F83B0D /* Info.plist */,
				B52FB45124536F5700F83B0D /* SimplyChat.xcdatamodeld */,
				096DFD482456208B00850D3E /* GoogleService-Info.plist */,
				6D6D20742453CDB300935A08 /* MessageMainViewCell.swift */,
				6D6D20752453CDB300935A08 /* MessageMainViewCell.xib */,
				6D932E812455787600BC2096 /* ProflleViewController.swift */,
				6D932E832455831400BC2096 /* SettingsTableViewController.swift */,
			);
			path = SimplyChat;
			sourceTree = "<group>";
		};
/* End PBXGroup section */

/* Begin PBXNativeTarget section */
		B52FB44424536F5700F83B0D /* SimplyChat */ = {
			isa = PBXNativeTarget;
			buildConfigurationList = B52FB45C24536F5900F83B0D /* Build configuration list for PBXNativeTarget "SimplyChat" */;
			buildPhases = (
				CF94C4AE4BF791F54CB2076C /* [CP] Check Pods Manifest.lock */,
				B52FB44124536F5700F83B0D /* Sources */,
				B52FB44224536F5700F83B0D /* Frameworks */,
				B52FB44324536F5700F83B0D /* Resources */,
				6D6D20782453CF6200935A08 /* ShellScript */,
				D929AC135A91B3B7C4FA615B /* [CP] Embed Pods Frameworks */,
			);
			buildRules = (
			);
			dependencies = (
			);
			name = SimplyChat;
			productName = SimplyChat;
			productReference = B52FB44524536F5700F83B0D /* SimplyChat.app */;
			productType = "com.apple.product-type.application";
		};
/* End PBXNativeTarget section */

/* Begin PBXProject section */
		B52FB43D24536F5700F83B0D /* Project object */ = {
			isa = PBXProject;
			attributes = {
				LastSwiftUpdateCheck = 1130;
				LastUpgradeCheck = 1130;
				ORGANIZATIONNAME = "EPAM Match";
				TargetAttributes = {
					B52FB44424536F5700F83B0D = {
						CreatedOnToolsVersion = 11.3.1;
					};
				};
			};
			buildConfigurationList = B52FB44024536F5700F83B0D /* Build configuration list for PBXProject "SimplyChat" */;
			compatibilityVersion = "Xcode 9.3";
			developmentRegion = en;
			hasScannedForEncodings = 0;
			knownRegions = (
				en,
				Base,
			);
			mainGroup = B52FB43C24536F5700F83B0D;
			productRefGroup = B52FB44624536F5700F83B0D /* Products */;
			projectDirPath = "";
			projectRoot = "";
			targets = (
				B52FB44424536F5700F83B0D /* SimplyChat */,
			);
		};
/* End PBXProject section */

/* Begin PBXResourcesBuildPhase section */
		B52FB44324536F5700F83B0D /* Resources */ = {
			isa = PBXResourcesBuildPhase;
			buildActionMask = 2147483647;
			files = (
				B52FB45824536F5900F83B0D /* LaunchScreen.storyboard in Resources */,
				6D6D20772453CDB300935A08 /* MessageMainViewCell.xib in Resources */,
				B52FB45524536F5900F83B0D /* Assets.xcassets in Resources */,
				096DFD492456208B00850D3E /* GoogleService-Info.plist in Resources */,
				B52FB45024536F5700F83B0D /* Main.storyboard in Resources */,
			);
			runOnlyForDeploymentPostprocessing = 0;
		};
/* End PBXResourcesBuildPhase section */

/* Begin PBXShellScriptBuildPhase section */
		6D6D20782453CF6200935A08 /* ShellScript */ = {
			isa = PBXShellScriptBuildPhase;
			buildActionMask = 2147483647;
			files = (
			);
			inputFileListPaths = (
			);
			inputPaths = (
			);
			outputFileListPaths = (
			);
			outputPaths = (
			);
			runOnlyForDeploymentPostprocessing = 0;
			shellPath = /bin/sh;
			shellScript = "\"${PODS_ROOT}/SwiftLint/swiftlint\"\n";
		};
		CF94C4AE4BF791F54CB2076C /* [CP] Check Pods Manifest.lock */ = {
			isa = PBXShellScriptBuildPhase;
			buildActionMask = 2147483647;
			files = (
			);
			inputPaths = (
				"${PODS_PODFILE_DIR_PATH}/Podfile.lock",
				"${PODS_ROOT}/Manifest.lock",
			);
			name = "[CP] Check Pods Manifest.lock";
			outputPaths = (
				"$(DERIVED_FILE_DIR)/Pods-SimplyChat-checkManifestLockResult.txt",
			);
			runOnlyForDeploymentPostprocessing = 0;
			shellPath = /bin/sh;
			shellScript = "diff \"${PODS_PODFILE_DIR_PATH}/Podfile.lock\" \"${PODS_ROOT}/Manifest.lock\" > /dev/null\nif [ $? != 0 ] ; then\n    # print error to STDERR\n    echo \"error: The sandbox is not in sync with the Podfile.lock. Run 'pod install' or update your CocoaPods installation.\" >&2\n    exit 1\nfi\n# This output is used by Xcode 'outputs' to avoid re-running this script phase.\necho \"SUCCESS\" > \"${SCRIPT_OUTPUT_FILE_0}\"\n";
			showEnvVarsInLog = 0;
		};
		D929AC135A91B3B7C4FA615B /* [CP] Embed Pods Frameworks */ = {
			isa = PBXShellScriptBuildPhase;
			buildActionMask = 2147483647;
			files = (
			);
			inputFileListPaths = (
				"${PODS_ROOT}/Target Support Files/Pods-SimplyChat/Pods-SimplyChat-frameworks-${CONFIGURATION}-input-files.xcfilelist",
			);
			name = "[CP] Embed Pods Frameworks";
			outputFileListPaths = (
				"${PODS_ROOT}/Target Support Files/Pods-SimplyChat/Pods-SimplyChat-frameworks-${CONFIGURATION}-output-files.xcfilelist",
			);
			runOnlyForDeploymentPostprocessing = 0;
			shellPath = /bin/sh;
			shellScript = "\"${PODS_ROOT}/Target Support Files/Pods-SimplyChat/Pods-SimplyChat-frameworks.sh\"\n";
			showEnvVarsInLog = 0;
		};
/* End PBXShellScriptBuildPhase section */

/* Begin PBXSourcesBuildPhase section */
		B52FB44124536F5700F83B0D /* Sources */ = {
			isa = PBXSourcesBuildPhase;
			buildActionMask = 2147483647;
			files = (
				6D6D20762453CDB300935A08 /* MessageMainViewCell.swift in Sources */,
				B52FB44D24536F5700F83B0D /* ViewController.swift in Sources */,
				B52FB45324536F5700F83B0D /* SimplyChat.xcdatamodeld in Sources */,
				6D6D207C2453D06600935A08 /* WelcomeViewController.swift in Sources */,
				6D932E842455831400BC2096 /* SettingsTableViewController.swift in Sources */,
				B52FB44924536F5700F83B0D /* AppDelegate.swift in Sources */,
				6D932E822455787600BC2096 /* ProflleViewController.swift in Sources */,
				B52FB44B24536F5700F83B0D /* SceneDelegate.swift in Sources */,
				09375C5A2456B59400147D96 /* ContactsTableViewController.swift in Sources */,
			);
			runOnlyForDeploymentPostprocessing = 0;
		};
/* End PBXSourcesBuildPhase section */

/* Begin PBXVariantGroup section */
		B52FB44E24536F5700F83B0D /* Main.storyboard */ = {
			isa = PBXVariantGroup;
			children = (
				B52FB44F24536F5700F83B0D /* Base */,
			);
			name = Main.storyboard;
			sourceTree = "<group>";
		};
		B52FB45624536F5900F83B0D /* LaunchScreen.storyboard */ = {
			isa = PBXVariantGroup;
			children = (
				B52FB45724536F5900F83B0D /* Base */,
			);
			name = LaunchScreen.storyboard;
			sourceTree = "<group>";
		};
/* End PBXVariantGroup section */

/* Begin XCBuildConfiguration section */
		B52FB45A24536F5900F83B0D /* Debug */ = {
			isa = XCBuildConfiguration;
			buildSettings = {
				ALWAYS_SEARCH_USER_PATHS = NO;
				CLANG_ANALYZER_NONNULL = YES;
				CLANG_ANALYZER_NUMBER_OBJECT_CONVERSION = YES_AGGRESSIVE;
				CLANG_CXX_LANGUAGE_STANDARD = "gnu++14";
				CLANG_CXX_LIBRARY = "libc++";
				CLANG_ENABLE_MODULES = YES;
				CLANG_ENABLE_OBJC_ARC = YES;
				CLANG_ENABLE_OBJC_WEAK = YES;
				CLANG_WARN_BLOCK_CAPTURE_AUTORELEASING = YES;
				CLANG_WARN_BOOL_CONVERSION = YES;
				CLANG_WARN_COMMA = YES;
				CLANG_WARN_CONSTANT_CONVERSION = YES;
				CLANG_WARN_DEPRECATED_OBJC_IMPLEMENTATIONS = YES;
				CLANG_WARN_DIRECT_OBJC_ISA_USAGE = YES_ERROR;
				CLANG_WARN_DOCUMENTATION_COMMENTS = YES;
				CLANG_WARN_EMPTY_BODY = YES;
				CLANG_WARN_ENUM_CONVERSION = YES;
				CLANG_WARN_INFINITE_RECURSION = YES;
				CLANG_WARN_INT_CONVERSION = YES;
				CLANG_WARN_NON_LITERAL_NULL_CONVERSION = YES;
				CLANG_WARN_OBJC_IMPLICIT_RETAIN_SELF = YES;
				CLANG_WARN_OBJC_LITERAL_CONVERSION = YES;
				CLANG_WARN_OBJC_ROOT_CLASS = YES_ERROR;
				CLANG_WARN_RANGE_LOOP_ANALYSIS = YES;
				CLANG_WARN_STRICT_PROTOTYPES = YES;
				CLANG_WARN_SUSPICIOUS_MOVE = YES;
				CLANG_WARN_UNGUARDED_AVAILABILITY = YES_AGGRESSIVE;
				CLANG_WARN_UNREACHABLE_CODE = YES;
				CLANG_WARN__DUPLICATE_METHOD_MATCH = YES;
				COPY_PHASE_STRIP = NO;
				DEBUG_INFORMATION_FORMAT = dwarf;
				ENABLE_STRICT_OBJC_MSGSEND = YES;
				ENABLE_TESTABILITY = YES;
				GCC_C_LANGUAGE_STANDARD = gnu11;
				GCC_DYNAMIC_NO_PIC = NO;
				GCC_NO_COMMON_BLOCKS = YES;
				GCC_OPTIMIZATION_LEVEL = 0;
				GCC_PREPROCESSOR_DEFINITIONS = (
					"DEBUG=1",
					"$(inherited)",
				);
				GCC_WARN_64_TO_32_BIT_CONVERSION = YES;
				GCC_WARN_ABOUT_RETURN_TYPE = YES_ERROR;
				GCC_WARN_UNDECLARED_SELECTOR = YES;
				GCC_WARN_UNINITIALIZED_AUTOS = YES_AGGRESSIVE;
				GCC_WARN_UNUSED_FUNCTION = YES;
				GCC_WARN_UNUSED_VARIABLE = YES;
				IPHONEOS_DEPLOYMENT_TARGET = 13.2;
				MTL_ENABLE_DEBUG_INFO = INCLUDE_SOURCE;
				MTL_FAST_MATH = YES;
				ONLY_ACTIVE_ARCH = YES;
				SDKROOT = iphoneos;
				SWIFT_ACTIVE_COMPILATION_CONDITIONS = DEBUG;
				SWIFT_OPTIMIZATION_LEVEL = "-Onone";
			};
			name = Debug;
		};
		B52FB45B24536F5900F83B0D /* Release */ = {
			isa = XCBuildConfiguration;
			buildSettings = {
				ALWAYS_SEARCH_USER_PATHS = NO;
				CLANG_ANALYZER_NONNULL = YES;
				CLANG_ANALYZER_NUMBER_OBJECT_CONVERSION = YES_AGGRESSIVE;
				CLANG_CXX_LANGUAGE_STANDARD = "gnu++14";
				CLANG_CXX_LIBRARY = "libc++";
				CLANG_ENABLE_MODULES = YES;
				CLANG_ENABLE_OBJC_ARC = YES;
				CLANG_ENABLE_OBJC_WEAK = YES;
				CLANG_WARN_BLOCK_CAPTURE_AUTORELEASING = YES;
				CLANG_WARN_BOOL_CONVERSION = YES;
				CLANG_WARN_COMMA = YES;
				CLANG_WARN_CONSTANT_CONVERSION = YES;
				CLANG_WARN_DEPRECATED_OBJC_IMPLEMENTATIONS = YES;
				CLANG_WARN_DIRECT_OBJC_ISA_USAGE = YES_ERROR;
				CLANG_WARN_DOCUMENTATION_COMMENTS = YES;
				CLANG_WARN_EMPTY_BODY = YES;
				CLANG_WARN_ENUM_CONVERSION = YES;
				CLANG_WARN_INFINITE_RECURSION = YES;
				CLANG_WARN_INT_CONVERSION = YES;
				CLANG_WARN_NON_LITERAL_NULL_CONVERSION = YES;
				CLANG_WARN_OBJC_IMPLICIT_RETAIN_SELF = YES;
				CLANG_WARN_OBJC_LITERAL_CONVERSION = YES;
				CLANG_WARN_OBJC_ROOT_CLASS = YES_ERROR;
				CLANG_WARN_RANGE_LOOP_ANALYSIS = YES;
				CLANG_WARN_STRICT_PROTOTYPES = YES;
				CLANG_WARN_SUSPICIOUS_MOVE = YES;
				CLANG_WARN_UNGUARDED_AVAILABILITY = YES_AGGRESSIVE;
				CLANG_WARN_UNREACHABLE_CODE = YES;
				CLANG_WARN__DUPLICATE_METHOD_MATCH = YES;
				COPY_PHASE_STRIP = NO;
				DEBUG_INFORMATION_FORMAT = "dwarf-with-dsym";
				ENABLE_NS_ASSERTIONS = NO;
				ENABLE_STRICT_OBJC_MSGSEND = YES;
				GCC_C_LANGUAGE_STANDARD = gnu11;
				GCC_NO_COMMON_BLOCKS = YES;
				GCC_WARN_64_TO_32_BIT_CONVERSION = YES;
				GCC_WARN_ABOUT_RETURN_TYPE = YES_ERROR;
				GCC_WARN_UNDECLARED_SELECTOR = YES;
				GCC_WARN_UNINITIALIZED_AUTOS = YES_AGGRESSIVE;
				GCC_WARN_UNUSED_FUNCTION = YES;
				GCC_WARN_UNUSED_VARIABLE = YES;
				IPHONEOS_DEPLOYMENT_TARGET = 13.2;
				MTL_ENABLE_DEBUG_INFO = NO;
				MTL_FAST_MATH = YES;
				SDKROOT = iphoneos;
				SWIFT_COMPILATION_MODE = wholemodule;
				SWIFT_OPTIMIZATION_LEVEL = "-O";
				VALIDATE_PRODUCT = YES;
			};
			name = Release;
		};
		B52FB45D24536F5900F83B0D /* Debug */ = {
			isa = XCBuildConfiguration;
			baseConfigurationReference = 05832EB69ED436B1B17EEED3 /* Pods-SimplyChat.debug.xcconfig */;
			buildSettings = {
				ASSETCATALOG_COMPILER_APPICON_NAME = AppIcon;
				CODE_SIGN_STYLE = Automatic;
				DEVELOPMENT_TEAM = GK3VK46Z6V;
				INFOPLIST_FILE = SimplyChat/Info.plist;
				LD_RUNPATH_SEARCH_PATHS = (
					"$(inherited)",
					"@executable_path/Frameworks",
				);
				PRODUCT_BUNDLE_IDENTIFIER = com.barmikser.simplyChat.SimplyChat;
				PRODUCT_NAME = "$(TARGET_NAME)";
				SWIFT_VERSION = 5.0;
				TARGETED_DEVICE_FAMILY = "1,2";
			};
			name = Debug;
		};
		B52FB45E24536F5900F83B0D /* Release */ = {
			isa = XCBuildConfiguration;
			baseConfigurationReference = 19C944E2B01B4C1EEADFE6E8 /* Pods-SimplyChat.release.xcconfig */;
			buildSettings = {
				ASSETCATALOG_COMPILER_APPICON_NAME = AppIcon;
				CODE_SIGN_STYLE = Automatic;
				DEVELOPMENT_TEAM = GK3VK46Z6V;
				INFOPLIST_FILE = SimplyChat/Info.plist;
				LD_RUNPATH_SEARCH_PATHS = (
					"$(inherited)",
					"@executable_path/Frameworks",
				);
				PRODUCT_BUNDLE_IDENTIFIER = com.barmikser.simplyChat.SimplyChat;
				PRODUCT_NAME = "$(TARGET_NAME)";
				SWIFT_VERSION = 5.0;
				TARGETED_DEVICE_FAMILY = "1,2";
			};
			name = Release;
		};
/* End XCBuildConfiguration section */

/* Begin XCConfigurationList section */
		B52FB44024536F5700F83B0D /* Build configuration list for PBXProject "SimplyChat" */ = {
			isa = XCConfigurationList;
			buildConfigurations = (
				B52FB45A24536F5900F83B0D /* Debug */,
				B52FB45B24536F5900F83B0D /* Release */,
			);
			defaultConfigurationIsVisible = 0;
			defaultConfigurationName = Release;
		};
		B52FB45C24536F5900F83B0D /* Build configuration list for PBXNativeTarget "SimplyChat" */ = {
			isa = XCConfigurationList;
			buildConfigurations = (
				B52FB45D24536F5900F83B0D /* Debug */,
				B52FB45E24536F5900F83B0D /* Release */,
			);
			defaultConfigurationIsVisible = 0;
			defaultConfigurationName = Release;
		};
/* End XCConfigurationList section */

/* Begin XCVersionGroup section */
		B52FB45124536F5700F83B0D /* SimplyChat.xcdatamodeld */ = {
			isa = XCVersionGroup;
			children = (
				B52FB45224536F5700F83B0D /* SimplyChat.xcdatamodel */,
			);
			currentVersion = B52FB45224536F5700F83B0D /* SimplyChat.xcdatamodel */;
			path = SimplyChat.xcdatamodeld;
			sourceTree = "<group>";
			versionGroupType = wrapper.xcdatamodel;
		};
/* End XCVersionGroup section */
	};
	rootObject = B52FB43D24536F5700F83B0D /* Project object */;
}
